
Microsoft Visual Studio Solution File, Format Version 12.00
# Visual Studio Version 16
VisualStudioVersion = 16.0.30104.148
MinimumVisualStudioVersion = 10.0.40219.1
Project("{2150E333-8FDC-42A3-9474-1A3956D46DE8}") = "1 - Creational", "1 - Creational", "{4914D577-439E-4574-81DE-DD0928D63F11}"
EndProject
Project("{2150E333-8FDC-42A3-9474-1A3956D46DE8}") = "2 - Structural", "2 - Structural", "{9DDA2618-5ED6-4D5B-9331-9040BA27D16B}"
EndProject
Project("{2150E333-8FDC-42A3-9474-1A3956D46DE8}") = "3 - Behavioral", "3 - Behavioral", "{4656A7A4-CED7-4933-8997-07D026752870}"
EndProject
Project("{9A19103F-16F7-4668-BE54-9A1E7A4F7556}") = "Singleton", "Singleton\Singleton.csproj", "{5247BFDF-D806-4547-95CA-98CA642974E4}"
EndProject
Project("{9A19103F-16F7-4668-BE54-9A1E7A4F7556}") = "Factory Method", "Factory Method\Factory Method.csproj", "{7DFF27BE-DB71-472F-909B-40A598CA5ECA}"
EndProject
Project("{9A19103F-16F7-4668-BE54-9A1E7A4F7556}") = "Abstract Factory", "Abstract Factory\Abstract Factory.csproj", "{073CC4D7-668B-48ED-A1F6-BF30557F0140}"
EndProject
Project("{9A19103F-16F7-4668-BE54-9A1E7A4F7556}") = "Builder", "Builder\Builder.csproj", "{91B83EFE-5534-4D29-9FAB-D860D700A836}"
EndProject
Project("{9A19103F-16F7-4668-BE54-9A1E7A4F7556}") = "Prototype", "Prototype\Prototype.csproj", "{2F3DA872-AC34-4604-9BBA-436E6FFD4C6D}"
EndProject
Project("{2150E333-8FDC-42A3-9474-1A3956D46DE8}") = "Class", "Class", "{D111F5E9-3FE4-417F-9ED2-D19AD1BF3847}"
EndProject
Project("{2150E333-8FDC-42A3-9474-1A3956D46DE8}") = "Object", "Object", "{C384A666-48FB-4BD0-829A-D9CC200AE113}"
EndProject
Project("{2150E333-8FDC-42A3-9474-1A3956D46DE8}") = "Class", "Class", "{CC5B6064-1330-4A79-BFA6-B48CBC9B56D2}"
EndProject
Project("{2150E333-8FDC-42A3-9474-1A3956D46DE8}") = "Object", "Object", "{4F12227A-A883-46CF-BA9B-DBCCA32848E0}"
EndProject
Project("{2150E333-8FDC-42A3-9474-1A3956D46DE8}") = "Class", "Class", "{6479C9BA-B615-4BC5-BEEF-28058ACB0463}"
EndProject
Project("{2150E333-8FDC-42A3-9474-1A3956D46DE8}") = "Object", "Object", "{2FD367EE-87B1-4057-A0C8-9CA2FF9D79D3}"
EndProject
Project("{9A19103F-16F7-4668-BE54-9A1E7A4F7556}") = "Class Adapter", "Class Adapter\Class Adapter.csproj", "{1CEF9178-4967-4098-AE7B-7C0218A98DFD}"
EndProject
Project("{9A19103F-16F7-4668-BE54-9A1E7A4F7556}") = "Bridge", "Bridge\Bridge.csproj", "{F24F3DC1-3DAC-4F96-BD3F-346F0E78E078}"
EndProject
Project("{9A19103F-16F7-4668-BE54-9A1E7A4F7556}") = "Composite", "Composite\Composite.csproj", "{752D7FE5-D050-4CA9-821E-E81DF7DD9260}"
EndProject
Project("{9A19103F-16F7-4668-BE54-9A1E7A4F7556}") = "Decorator", "Decorator\Decorator.csproj", "{0C549413-8522-4D85-9BB6-BF2CB2D34407}"
EndProject
Project("{9A19103F-16F7-4668-BE54-9A1E7A4F7556}") = "Facade", "Facade\Facade.csproj", "{A8A46AC3-3CC9-4C8B-974A-416A2B03D77A}"
EndProject
Project("{9A19103F-16F7-4668-BE54-9A1E7A4F7556}") = "Flyweight", "Flyweight\Flyweight.csproj", "{FD6DD03D-5C02-46D3-BF47-A6E2CCDBBD6B}"
EndProject
Project("{9A19103F-16F7-4668-BE54-9A1E7A4F7556}") = "Proxy", "Proxy\Proxy.csproj", "{1768F9AC-6626-4FB1-9DEE-ACFF5B3E3EAF}"
EndProject
Project("{FAE04EC0-301F-11D3-BF4B-00C04F79EFBC}") = "Chain of Responsibility", "Chain of Responsability\Chain of Responsibility.csproj", "{C94A47D7-A21F-4AA8-8392-92DE6BF3956D}"
EndProject
Global
	GlobalSection(SolutionConfigurationPlatforms) = preSolution
		Debug|Any CPU = Debug|Any CPU
		Release|Any CPU = Release|Any CPU
	EndGlobalSection
	GlobalSection(ProjectConfigurationPlatforms) = postSolution
		{5247BFDF-D806-4547-95CA-98CA642974E4}.Debug|Any CPU.ActiveCfg = Debug|Any CPU
		{5247BFDF-D806-4547-95CA-98CA642974E4}.Debug|Any CPU.Build.0 = Debug|Any CPU
		{5247BFDF-D806-4547-95CA-98CA642974E4}.Release|Any CPU.ActiveCfg = Release|Any CPU
		{5247BFDF-D806-4547-95CA-98CA642974E4}.Release|Any CPU.Build.0 = Release|Any CPU
		{7DFF27BE-DB71-472F-909B-40A598CA5ECA}.Debug|Any CPU.ActiveCfg = Debug|Any CPU
		{7DFF27BE-DB71-472F-909B-40A598CA5ECA}.Debug|Any CPU.Build.0 = Debug|Any CPU
		{7DFF27BE-DB71-472F-909B-40A598CA5ECA}.Release|Any CPU.ActiveCfg = Release|Any CPU
		{7DFF27BE-DB71-472F-909B-40A598CA5ECA}.Release|Any CPU.Build.0 = Release|Any CPU
		{073CC4D7-668B-48ED-A1F6-BF30557F0140}.Debug|Any CPU.ActiveCfg = Debug|Any CPU
		{073CC4D7-668B-48ED-A1F6-BF30557F0140}.Debug|Any CPU.Build.0 = Debug|Any CPU
		{073CC4D7-668B-48ED-A1F6-BF30557F0140}.Release|Any CPU.ActiveCfg = Release|Any CPU
		{073CC4D7-668B-48ED-A1F6-BF30557F0140}.Release|Any CPU.Build.0 = Release|Any CPU
		{91B83EFE-5534-4D29-9FAB-D860D700A836}.Debug|Any CPU.ActiveCfg = Debug|Any CPU
		{91B83EFE-5534-4D29-9FAB-D860D700A836}.Debug|Any CPU.Build.0 = Debug|Any CPU
		{91B83EFE-5534-4D29-9FAB-D860D700A836}.Release|Any CPU.ActiveCfg = Release|Any CPU
		{91B83EFE-5534-4D29-9FAB-D860D700A836}.Release|Any CPU.Build.0 = Release|Any CPU
		{2F3DA872-AC34-4604-9BBA-436E6FFD4C6D}.Debug|Any CPU.ActiveCfg = Debug|Any CPU
		{2F3DA872-AC34-4604-9BBA-436E6FFD4C6D}.Debug|Any CPU.Build.0 = Debug|Any CPU
		{2F3DA872-AC34-4604-9BBA-436E6FFD4C6D}.Release|Any CPU.ActiveCfg = Release|Any CPU
		{2F3DA872-AC34-4604-9BBA-436E6FFD4C6D}.Release|Any CPU.Build.0 = Release|Any CPU
		{1CEF9178-4967-4098-AE7B-7C0218A98DFD}.Debug|Any CPU.ActiveCfg = Debug|Any CPU
		{1CEF9178-4967-4098-AE7B-7C0218A98DFD}.Debug|Any CPU.Build.0 = Debug|Any CPU
		{1CEF9178-4967-4098-AE7B-7C0218A98DFD}.Release|Any CPU.ActiveCfg = Release|Any CPU
		{1CEF9178-4967-4098-AE7B-7C0218A98DFD}.Release|Any CPU.Build.0 = Release|Any CPU
		{F24F3DC1-3DAC-4F96-BD3F-346F0E78E078}.Debug|Any CPU.ActiveCfg = Debug|Any CPU
		{F24F3DC1-3DAC-4F96-BD3F-346F0E78E078}.Debug|Any CPU.Build.0 = Debug|Any CPU
		{F24F3DC1-3DAC-4F96-BD3F-346F0E78E078}.Release|Any CPU.ActiveCfg = Release|Any CPU
		{F24F3DC1-3DAC-4F96-BD3F-346F0E78E078}.Release|Any CPU.Build.0 = Release|Any CPU
		{752D7FE5-D050-4CA9-821E-E81DF7DD9260}.Debug|Any CPU.ActiveCfg = Debug|Any CPU
		{752D7FE5-D050-4CA9-821E-E81DF7DD9260}.Debug|Any CPU.Build.0 = Debug|Any CPU
		{752D7FE5-D050-4CA9-821E-E81DF7DD9260}.Release|Any CPU.ActiveCfg = Release|Any CPU
		{752D7FE5-D050-4CA9-821E-E81DF7DD9260}.Release|Any CPU.Build.0 = Release|Any CPU
		{0C549413-8522-4D85-9BB6-BF2CB2D34407}.Debug|Any CPU.ActiveCfg = Debug|Any CPU
		{0C549413-8522-4D85-9BB6-BF2CB2D34407}.Debug|Any CPU.Build.0 = Debug|Any CPU
		{0C549413-8522-4D85-9BB6-BF2CB2D34407}.Release|Any CPU.ActiveCfg = Release|Any CPU
		{0C549413-8522-4D85-9BB6-BF2CB2D34407}.Release|Any CPU.Build.0 = Release|Any CPU
		{A8A46AC3-3CC9-4C8B-974A-416A2B03D77A}.Debug|Any CPU.ActiveCfg = Debug|Any CPU
		{A8A46AC3-3CC9-4C8B-974A-416A2B03D77A}.Debug|Any CPU.Build.0 = Debug|Any CPU
		{A8A46AC3-3CC9-4C8B-974A-416A2B03D77A}.Release|Any CPU.ActiveCfg = Release|Any CPU
		{A8A46AC3-3CC9-4C8B-974A-416A2B03D77A}.Release|Any CPU.Build.0 = Release|Any CPU
		{FD6DD03D-5C02-46D3-BF47-A6E2CCDBBD6B}.Debug|Any CPU.ActiveCfg = Debug|Any CPU
		{FD6DD03D-5C02-46D3-BF47-A6E2CCDBBD6B}.Debug|Any CPU.Build.0 = Debug|Any CPU
		{FD6DD03D-5C02-46D3-BF47-A6E2CCDBBD6B}.Release|Any CPU.ActiveCfg = Release|Any CPU
		{FD6DD03D-5C02-46D3-BF47-A6E2CCDBBD6B}.Release|Any CPU.Build.0 = Release|Any CPU
		{1768F9AC-6626-4FB1-9DEE-ACFF5B3E3EAF}.Debug|Any CPU.ActiveCfg = Debug|Any CPU
		{1768F9AC-6626-4FB1-9DEE-ACFF5B3E3EAF}.Debug|Any CPU.Build.0 = Debug|Any CPU
		{1768F9AC-6626-4FB1-9DEE-ACFF5B3E3EAF}.Release|Any CPU.ActiveCfg = Release|Any CPU
		{1768F9AC-6626-4FB1-9DEE-ACFF5B3E3EAF}.Release|Any CPU.Build.0 = Release|Any CPU
		{C94A47D7-A21F-4AA8-8392-92DE6BF3956D}.Debug|Any CPU.ActiveCfg = Debug|Any CPU
		{C94A47D7-A21F-4AA8-8392-92DE6BF3956D}.Debug|Any CPU.Build.0 = Debug|Any CPU
		{C94A47D7-A21F-4AA8-8392-92DE6BF3956D}.Release|Any CPU.ActiveCfg = Release|Any CPU
		{C94A47D7-A21F-4AA8-8392-92DE6BF3956D}.Release|Any CPU.Build.0 = Release|Any CPU
	EndGlobalSection
	GlobalSection(SolutionProperties) = preSolution
		HideSolutionNode = FALSE
	EndGlobalSection
	GlobalSection(NestedProjects) = preSolution
		{5247BFDF-D806-4547-95CA-98CA642974E4} = {C384A666-48FB-4BD0-829A-D9CC200AE113}
		{7DFF27BE-DB71-472F-909B-40A598CA5ECA} = {D111F5E9-3FE4-417F-9ED2-D19AD1BF3847}
		{073CC4D7-668B-48ED-A1F6-BF30557F0140} = {C384A666-48FB-4BD0-829A-D9CC200AE113}
		{91B83EFE-5534-4D29-9FAB-D860D700A836} = {C384A666-48FB-4BD0-829A-D9CC200AE113}
		{2F3DA872-AC34-4604-9BBA-436E6FFD4C6D} = {C384A666-48FB-4BD0-829A-D9CC200AE113}
		{D111F5E9-3FE4-417F-9ED2-D19AD1BF3847} = {4914D577-439E-4574-81DE-DD0928D63F11}
		{C384A666-48FB-4BD0-829A-D9CC200AE113} = {4914D577-439E-4574-81DE-DD0928D63F11}
		{CC5B6064-1330-4A79-BFA6-B48CBC9B56D2} = {9DDA2618-5ED6-4D5B-9331-9040BA27D16B}
		{4F12227A-A883-46CF-BA9B-DBCCA32848E0} = {9DDA2618-5ED6-4D5B-9331-9040BA27D16B}
		{6479C9BA-B615-4BC5-BEEF-28058ACB0463} = {4656A7A4-CED7-4933-8997-07D026752870}
		{2FD367EE-87B1-4057-A0C8-9CA2FF9D79D3} = {4656A7A4-CED7-4933-8997-07D026752870}
		{1CEF9178-4967-4098-AE7B-7C0218A98DFD} = {CC5B6064-1330-4A79-BFA6-B48CBC9B56D2}
		{F24F3DC1-3DAC-4F96-BD3F-346F0E78E078} = {4F12227A-A883-46CF-BA9B-DBCCA32848E0}
		{752D7FE5-D050-4CA9-821E-E81DF7DD9260} = {4F12227A-A883-46CF-BA9B-DBCCA32848E0}
		{0C549413-8522-4D85-9BB6-BF2CB2D34407} = {4F12227A-A883-46CF-BA9B-DBCCA32848E0}
		{A8A46AC3-3CC9-4C8B-974A-416A2B03D77A} = {4F12227A-A883-46CF-BA9B-DBCCA32848E0}
		{FD6DD03D-5C02-46D3-BF47-A6E2CCDBBD6B} = {4F12227A-A883-46CF-BA9B-DBCCA32848E0}
		{1768F9AC-6626-4FB1-9DEE-ACFF5B3E3EAF} = {4F12227A-A883-46CF-BA9B-DBCCA32848E0}
		{C94A47D7-A21F-4AA8-8392-92DE6BF3956D} = {2FD367EE-87B1-4057-A0C8-9CA2FF9D79D3}
	EndGlobalSection
	GlobalSection(ExtensibilityGlobals) = postSolution
		SolutionGuid = {3031AB75-50F3-4C47-8F5A-CCFC2964BFA9}
	EndGlobalSection
EndGlobal
